{
  "name": "frontend",
  "version": "0.1.0",
  "lockfileVersion": 3,
  "requires": true,
  "packages": {
    "": {
      "name": "frontend",
      "version": "0.1.0",
      "dependencies": {
        "axios": "*",
        "node_module": "*",
        "react": "^18.0.0",
        "react-dom": "^18.0.0"
      }
    },
    "node_modules": {
      "extraneous": true
    },
    "node_modules/async-function": {
      "version": "1.0.0",
      "resolved": "https://registry.npmjs.org/async-function/-/async-function-1.0.0.tgz",
      "integrity": "sha512-hsU18Ae8CDTR6Kgu9DYf0EbCr/a5iGL0rytQDobUcdpYOKokk8LEjVphnXkDkgpi0wYVsqrXuP0bZxJaTqdgoA==",
      "extraneous": true,
      "license": "MIT",
      "devDependencies": {
        "@arethetypeswrong/cli": "^0.17.3",
        "@ljharb/eslint-config": "^21.1.1",
        "@ljharb/tsconfig": "^0.2.3",
        "@types/semver": "^6.2.7",
        "@types/tape": "^5.8.1",
        "auto-changelog": "^2.5.0",
        "eslint": "=8.8.0",
        "evalmd": "^0.0.19",
        "get-proto": "^1.0.1",
        "in-publish": "^2.0.1",
        "npmignore": "^0.3.1",
        "nyc": "^10.3.2",
        "safe-publish-latest": "^2.0.0",
        "semver": "^6.3.1",
        "tape": "^5.9.0",
        "typescript": "next"
      },
      "engines": {
        "node": ">= 0.4"
      }
    },
    "node_modules/async-generator-function": {
      "version": "1.0.0",
      "resolved": "https://registry.npmjs.org/async-generator-function/-/async-generator-function-1.0.0.tgz",
      "integrity": "sha512-+NAXNqgCrB95ya4Sr66i1CL2hqLVckAk7xwRYWdcm39/ELQ6YNn1aw5r0bdQtqNZgQpEWzc5yc/igXc7aL5SLA==",
      "extraneous": true,
      "license": "MIT",
      "devDependencies": {
        "@arethetypeswrong/cli": "^0.17.3",
        "@ljharb/eslint-config": "^21.1.1",
        "@ljharb/tsconfig": "^0.2.3",
        "@types/semver": "^6.2.7",
        "@types/tape": "^5.8.1",
        "async-function": "^1.0.0",
        "auto-changelog": "^2.5.0",
        "eslint": "=8.8.0",
        "evalmd": "^0.0.19",
        "get-proto": "^1.0.1",
        "in-publish": "^2.0.1",
        "npmignore": "^0.3.1",
        "nyc": "^10.3.2",
        "safe-publish-latest": "^2.0.0",
        "semver": "^6.3.1",
        "tape": "^5.9.0",
        "typescript": "next"
      },
      "engines": {
        "node": ">= 0.4"
      }
    },
    "node_modules/asynckit": {
      "version": "0.4.0",
      "resolved": "https://registry.npmjs.org/asynckit/-/asynckit-0.4.0.tgz",
      "integrity": "sha512-Oei9OH4tRh0YqU3GxhX79dM/mwVgvbZJaSNaRk+bshkj0S5cfHcgYakreBjrHwatXKbz+IoIdYLxrKim2MjW0Q==",
      "extraneous": true,
      "license": "MIT",
      "devDependencies": {
        "browserify": "^13.0.0",
        "browserify-istanbul": "^2.0.0",
        "coveralls": "^2.11.9",
        "eslint": "^2.9.0",
        "istanbul": "^0.4.3",
        "obake": "^0.1.2",
        "phantomjs-prebuilt": "^2.1.7",
        "pre-commit": "^1.1.3",
        "reamde": "^1.1.0",
        "rimraf": "^2.5.2",
        "size-table": "^0.2.0",
        "tap-spec": "^4.1.1",
        "tape": "^4.5.1"
      }
    },
    "node_modules/axios": {
      "version": "1.12.2",
      "resolved": "https://registry.npmjs.org/axios/-/axios-1.12.2.tgz",
      "integrity": "sha512-vMJzPewAlRyOgxV2dU0Cuz2O8zzzx9VYtbJOaBgXFeLc4IV/Eg50n4LowmehOOR61S8ZMpc2K5Sa7g6A4jfkUw==",
      "extraneous": true,
      "license": "MIT",
      "dependencies": {
        "follow-redirects": "^1.15.6",
        "form-data": "^4.0.4",
        "proxy-from-env": "^1.1.0"
      },
      "devDependencies": {
        "@babel/core": "^7.23.9",
        "@babel/preset-env": "^7.23.9",
        "@commitlint/cli": "^17.8.1",
        "@commitlint/config-conventional": "^17.8.1",
        "@release-it/conventional-changelog": "^5.1.1",
        "@rollup/plugin-alias": "^5.1.0",
        "@rollup/plugin-babel": "^5.3.1",
        "@rollup/plugin-commonjs": "^15.1.0",
        "@rollup/plugin-json": "^4.1.0",
        "@rollup/plugin-multi-entry": "^4.1.0",
        "@rollup/plugin-node-resolve": "^9.0.0",
        "abortcontroller-polyfill": "^1.7.5",
        "auto-changelog": "^2.4.0",
        "body-parser": "^1.20.2",
        "chalk": "^5.3.0",
        "coveralls": "^3.1.1",
        "cross-env": "^7.0.3",
        "dev-null": "^0.1.1",
        "dtslint": "^4.2.1",
        "es6-promise": "^4.2.8",
        "eslint": "^8.56.0",
        "express": "^4.18.2",
        "formdata-node": "^5.0.1",
        "formidable": "^2.1.2",
        "fs-extra": "^10.1.0",
        "get-stream": "^3.0.0",
        "gulp": "^4.0.2",
        "handlebars": "^4.7.8",
        "husky": "^8.0.3",
        "istanbul-instrumenter-loader": "^3.0.1",
        "jasmine-core": "^2.99.1",
        "karma": "^6.3.17",
        "karma-chrome-launcher": "^3.2.0",
        "karma-firefox-launcher": "^2.1.2",
        "karma-jasmine": "^1.1.2",
        "karma-jasmine-ajax": "^0.1.13",
        "karma-rollup-preprocessor": "^7.0.8",
        "karma-safari-launcher": "^1.0.0",
        "karma-sauce-launcher": "^4.3.6",
        "karma-sinon": "^1.0.5",
        "karma-sourcemap-loader": "^0.3.8",
        "memoizee": "^0.4.15",
        "minimist": "^1.2.8",
        "mocha": "^10.3.0",
        "multer": "^1.4.4",
        "pacote": "^20.0.0",
        "pretty-bytes": "^6.1.1",
        "release-it": "^15.11.0",
        "rollup": "^2.79.1",
        "rollup-plugin-auto-external": "^2.0.0",
        "rollup-plugin-bundle-size": "^1.0.3",
        "rollup-plugin-terser": "^7.0.2",
        "sinon": "^4.5.0",
        "stream-throttle": "^0.1.3",
        "string-replace-async": "^3.0.2",
        "tar-stream": "^3.1.7",
        "terser-webpack-plugin": "^4.2.3",
        "typescript": "^4.9.5"
      }
    },
    "node_modules/call-bind-apply-helpers": {
      "version": "1.0.2",
      "resolved": "https://registry.npmjs.org/call-bind-apply-helpers/-/call-bind-apply-helpers-1.0.2.tgz",
      "integrity": "sha512-Sp1ablJ0ivDkSzjcaJdxEunN5/XvksFJ2sMBFfq6x0ryhQV/2b/KwFe21cMpmHtPOSij8K99/wSfoEuTObmuMQ==",
      "extraneous": true,
      "license": "MIT",
      "dependencies": {
        "es-errors": "^1.3.0",
        "function-bind": "^1.1.2"
      },
      "devDependencies": {
        "@arethetypeswrong/cli": "^0.17.3",
        "@ljharb/eslint-config": "^21.1.1",
        "@ljharb/tsconfig": "^0.2.3",
        "@types/for-each": "^0.3.3",
        "@types/function-bind": "^1.1.10",
        "@types/object-inspect": "^1.13.0",
        "@types/tape": "^5.8.1",
        "auto-changelog": "^2.5.0",
        "encoding": "^0.1.13",
        "es-value-fixtures": "^1.7.1",
        "eslint": "=8.8.0",
        "evalmd": "^0.0.19",
        "for-each": "^0.3.5",
        "has-strict-mode": "^1.1.0",
        "in-publish": "^2.0.1",
        "npmignore": "^0.3.1",
        "nyc": "^10.3.2",
        "object-inspect": "^1.13.4",
        "safe-publish-latest": "^2.0.0",
        "tape": "^5.9.0",
        "typescript": "next"
      },
      "engines": {
        "node": ">= 0.4"
      }
    },
    "node_modules/combined-stream": {
      "version": "1.0.8",
      "resolved": "https://registry.npmjs.org/combined-stream/-/combined-stream-1.0.8.tgz",
      "integrity": "sha512-FQN4MRfuJeHf7cBbBMJFXhKSDq+2kAArBlmRBvcvFE5BB1HZKXtSFASDhdlz9zOYwxh8lDdnvmMOe/+5cdoEdg==",
      "extraneous": true,
      "license": "MIT",
      "dependencies": {
        "delayed-stream": "~1.0.0"
      },
      "devDependencies": {
        "far": "~0.0.7"
      },
      "engines": {
        "node": ">= 0.8"
      }
    },
    "node_modules/delayed-stream": {
      "version": "1.0.0",
      "resolved": "https://registry.npmjs.org/delayed-stream/-/delayed-stream-1.0.0.tgz",
      "integrity": "sha512-ZySD7Nf91aLB0RxL4KGrKHBXl7Eds1DAmEdcoVawXnLD7SDhpNgtuII2aAkg7a7QS41jxPSZ17p4VdGnMHk3MQ==",
      "extraneous": true,
      "license": "MIT",
      "devDependencies": {
        "fake": "0.2.0",
        "far": "0.0.1"
      },
      "engines": {
        "node": ">=0.4.0"
      }
    },
    "node_modules/dunder-proto": {
      "version": "1.0.1",
      "resolved": "https://registry.npmjs.org/dunder-proto/-/dunder-proto-1.0.1.tgz",
      "integrity": "sha512-KIN/nDJBQRcXw0MLVhZE9iQHmG68qAVIBg9CqmUYjmQIhgij9U5MFvrqkUL5FbtyyzZuOeOt0zdeRe4UY7ct+A==",
      "extraneous": true,
      "license": "MIT",
      "dependencies": {
        "call-bind-apply-helpers": "^1.0.1",
        "es-errors": "^1.3.0",
        "gopd": "^1.2.0"
      },
      "devDependencies": {
        "@arethetypeswrong/cli": "^0.17.1",
        "@ljharb/eslint-config": "^21.1.1",
        "@ljharb/tsconfig": "^0.2.2",
        "@types/tape": "^5.7.0",
        "auto-changelog": "^2.5.0",
        "encoding": "^0.1.13",
        "eslint": "=8.8.0",
        "evalmd": "^0.0.19",
        "in-publish": "^2.0.1",
        "npmignore": "^0.3.1",
        "nyc": "^10.3.2",
        "safe-publish-latest": "^2.0.0",
        "tape": "^5.9.0",
        "typescript": "next"
      },
      "engines": {
        "node": ">= 0.4"
      }
    },
    "node_modules/es-define-property": {
      "version": "1.0.1",
      "resolved": "https://registry.npmjs.org/es-define-property/-/es-define-property-1.0.1.tgz",
      "integrity": "sha512-e3nRfgfUZ4rNGL232gUgX06QNyyez04KdjFrF+LTRoOXmrOgFKDg4BCdsjW8EnT69eqdYGmRpJwiPVYNrCaW3g==",
      "extraneous": true,
      "license": "MIT",
      "devDependencies": {
        "@ljharb/eslint-config": "^21.1.1",
        "@ljharb/tsconfig": "^0.2.2",
        "@types/gopd": "^1.0.3",
        "@types/tape": "^5.6.5",
        "auto-changelog": "^2.5.0",
        "encoding": "^0.1.13",
        "eslint": "^8.8.0",
        "evalmd": "^0.0.19",
        "gopd": "^1.2.0",
        "in-publish": "^2.0.1",
        "npmignore": "^0.3.1",
        "nyc": "^10.3.2",
        "safe-publish-latest": "^2.0.0",
        "tape": "^5.9.0",
        "typescript": "next"
      },
      "engines": {
        "node": ">= 0.4"
      }
    },
    "node_modules/es-errors": {
      "version": "1.3.0",
      "resolved": "https://registry.npmjs.org/es-errors/-/es-errors-1.3.0.tgz",
      "integrity": "sha512-Zf5H2Kxt2xjTvbJvP2ZWLEICxA6j+hAmMzIlypy4xcBg1vKVnx89Wy0GbS+kf5cwCVFFzdCFh2XSCFNULS6csw==",
      "extraneous": true,
      "license": "MIT",
      "devDependencies": {
        "@ljharb/eslint-config": "^21.1.0",
        "@types/tape": "^5.6.4",
        "aud": "^2.0.4",
        "auto-changelog": "^2.4.0",
        "eclint": "^2.8.1",
        "eslint": "^8.8.0",
        "evalmd": "^0.0.19",
        "in-publish": "^2.0.1",
        "npmignore": "^0.3.1",
        "nyc": "^10.3.2",
        "safe-publish-latest": "^2.0.0",
        "tape": "^5.7.4",
        "typescript": "next"
      },
      "engines": {
        "node": ">= 0.4"
      }
    },
    "node_modules/es-object-atoms": {
      "version": "1.1.1",
      "resolved": "https://registry.npmjs.org/es-object-atoms/-/es-object-atoms-1.1.1.tgz",
      "integrity": "sha512-FGgH2h8zKNim9ljj7dankFPcICIK9Cp5bm+c2gQSYePhpaG5+esrLODihIorn+Pe6FGJzWhXQotPv73jTaldXA==",
      "extraneous": true,
      "license": "MIT",
      "dependencies": {
        "es-errors": "^1.3.0"
      },
      "devDependencies": {
        "@ljharb/eslint-config": "^21.1.1",
        "@ljharb/tsconfig": "^0.2.3",
        "@types/tape": "^5.8.1",
        "auto-changelog": "^2.5.0",
        "eclint": "^2.8.1",
        "encoding": "^0.1.13",
        "eslint": "^8.8.0",
        "evalmd": "^0.0.19",
        "in-publish": "^2.0.1",
        "npmignore": "^0.3.1",
        "nyc": "^10.3.2",
        "safe-publish-latest": "^2.0.0",
        "tape": "^5.9.0",
        "typescript": "next"
      },
      "engines": {
        "node": ">= 0.4"
      }
    },
    "node_modules/es-set-tostringtag": {
      "version": "2.1.0",
      "resolved": "https://registry.npmjs.org/es-set-tostringtag/-/es-set-tostringtag-2.1.0.tgz",
      "integrity": "sha512-j6vWzfrGVfyXxge+O0x5sh6cvxAog0a/4Rdd2K36zCMV5eJ+/+tOAngRO8cODMNWbVRdVlmGZQL2YS3yR8bIUA==",
      "extraneous": true,
      "license": "MIT",
      "dependencies": {
        "es-errors": "^1.3.0",
        "get-intrinsic": "^1.2.6",
        "has-tostringtag": "^1.0.2",
        "hasown": "^2.0.2"
      },
      "devDependencies": {
        "@arethetypeswrong/cli": "^0.17.2",
        "@ljharb/eslint-config": "^21.1.1",
        "@ljharb/tsconfig": "^0.2.3",
        "@types/get-intrinsic": "^1.2.3",
        "@types/has-symbols": "^1.0.2",
        "@types/tape": "^5.8.0",
        "auto-changelog": "^2.5.0",
        "encoding": "^0.1.13",
        "eslint": "=8.8.0",
        "evalmd": "^0.0.19",
        "in-publish": "^2.0.1",
        "npmignore": "^0.3.1",
        "nyc": "^10.3.2",
        "safe-publish-latest": "^2.0.0",
        "tape": "^5.9.0",
        "typescript": "next"
      },
      "engines": {
        "node": ">= 0.4"
      }
    },
    "node_modules/follow-redirects": {
      "version": "1.15.11",
      "resolved": "https://registry.npmjs.org/follow-redirects/-/follow-redirects-1.15.11.tgz",
      "integrity": "sha512-deG2P0JfjrTxl50XGCDyfI97ZGVCxIpfKYmfyrQ54n5FO/0gfIES8C/Psl6kWVDolizcaaxZJnTS0QSMxvnsBQ==",
      "extraneous": true,
      "funding": [
        {
          "type": "individual",
          "url": "https://github.com/sponsors/RubenVerborgh"
        }
      ],
      "license": "MIT",
      "devDependencies": {
        "concat-stream": "^2.0.0",
        "eslint": "^5.16.0",
        "express": "^4.16.4",
        "lolex": "^3.1.0",
        "mocha": "^6.0.2",
        "nyc": "^14.1.1"
      },
      "engines": {
        "node": ">=4.0"
      },
      "peerDependenciesMeta": {
        "debug": {
          "optional": true
        }
      }
    },
    "node_modules/form-data": {
      "version": "4.0.4",
      "resolved": "https://registry.npmjs.org/form-data/-/form-data-4.0.4.tgz",
      "integrity": "sha512-KrGhL9Q4zjj0kiUt5OO4Mr/A/jlI2jDYs5eHBpYHPcBEVSiipAvn2Ko2HnPe20rmcuuvMHNdZFp+4IlGTMF0Ow==",
      "extraneous": true,
      "license": "MIT",
      "dependencies": {
        "asynckit": "^0.4.0",
        "combined-stream": "^1.0.8",
        "es-set-tostringtag": "^2.1.0",
        "hasown": "^2.0.2",
        "mime-types": "^2.1.12"
      },
      "devDependencies": {
        "@ljharb/eslint-config": "^21.2.0",
        "auto-changelog": "^2.5.0",
        "browserify": "^13.3.0",
        "browserify-istanbul": "^2.0.0",
        "coveralls": "^3.1.1",
        "cross-spawn": "^6.0.6",
        "eslint": "=8.8.0",
        "fake": "^0.2.2",
        "far": "^0.0.7",
        "formidable": "^1.2.6",
        "in-publish": "^2.0.1",
        "is-node-modern": "^1.0.0",
        "istanbul": "^0.4.5",
        "obake": "^0.1.2",
        "pkgfiles": "^2.3.2",
        "pre-commit": "^1.2.2",
        "predict-v8-randomness": "^1.0.35",
        "puppeteer": "^1.20.0",
        "request": "~2.87.0",
        "rimraf": "^2.7.1",
        "semver": "^6.3.1",
        "tape": "^5.9.0"
      },
      "engines": {
        "node": ">= 6"
      }
    },
    "node_modules/function-bind": {
      "version": "1.1.2",
      "resolved": "https://registry.npmjs.org/function-bind/-/function-bind-1.1.2.tgz",
      "integrity": "sha512-7XHNxH7qX9xG5mIwxkhumTox/MIRNcOgDrxWsMt2pAr23WHp6MrRlN7FBSFpCpr+oVO0F744iUgR82nJMfG2SA==",
      "extraneous": true,
      "license": "MIT",
      "devDependencies": {
        "@ljharb/eslint-config": "^21.1.0",
        "aud": "^2.0.3",
        "auto-changelog": "^2.4.0",
        "eslint": "=8.8.0",
        "in-publish": "^2.0.1",
        "npmignore": "^0.3.0",
        "nyc": "^10.3.2",
        "safe-publish-latest": "^2.0.0",
        "tape": "^5.7.1"
      },
      "funding": {
        "url": "https://github.com/sponsors/ljharb"
      }
    },
    "node_modules/generator-function": {
      "version": "2.0.0",
      "resolved": "https://registry.npmjs.org/generator-function/-/generator-function-2.0.0.tgz",
      "integrity": "sha512-xPypGGincdfyl/AiSGa7GjXLkvld9V7GjZlowup9SHIJnQnHLFiLODCd/DqKOp0PBagbHJ68r1KJI9Mut7m4sA==",
      "extraneous": true,
      "license": "MIT",
      "devDependencies": {
        "@arethetypeswrong/cli": "^0.18.2",
        "@ljharb/eslint-config": "^21.2.0",
        "@ljharb/tsconfig": "^0.3.2",
        "@types/semver": "^6.2.7",
        "@types/tape": "^5.8.1",
        "auto-changelog": "^2.5.0",
        "encoding": "^0.1.13",
        "eslint": "=8.8.0",
        "evalmd": "^0.0.19",
        "generator-function": "file:.",
        "get-proto": "^1.0.1",
        "in-publish": "^2.0.1",
        "npmignore": "^0.3.1",
        "nyc": "^10.3.2",
        "safe-publish-latest": "^2.0.0",
        "semver": "^6.3.1",
        "tape": "^5.9.0",
        "typescript": "next"
      },
      "engines": {
        "node": ">= 0.4"
      }
    },
    "node_modules/get-intrinsic": {
      "version": "1.3.1",
      "resolved": "https://registry.npmjs.org/get-intrinsic/-/get-intrinsic-1.3.1.tgz",
      "integrity": "sha512-fk1ZVEeOX9hVZ6QzoBNEC55+Ucqg4sTVwrVuigZhuRPESVFpMyXnd3sbXvPOwp7Y9riVyANiqhEuRF0G1aVSeQ==",
      "extraneous": true,
      "license": "MIT",
      "dependencies": {
        "async-function": "^1.0.0",
        "async-generator-function": "^1.0.0",
        "call-bind-apply-helpers": "^1.0.2",
        "es-define-property": "^1.0.1",
        "es-errors": "^1.3.0",
        "es-object-atoms": "^1.1.1",
        "function-bind": "^1.1.2",
        "generator-function": "^2.0.0",
        "get-proto": "^1.0.1",
        "gopd": "^1.2.0",
        "has-symbols": "^1.1.0",
        "hasown": "^2.0.2",
        "math-intrinsics": "^1.1.0"
      },
      "devDependencies": {
        "@ljharb/eslint-config": "^21.2.0",
        "auto-changelog": "^2.5.0",
        "call-bound": "^1.0.4",
        "encoding": "^0.1.13",
        "es-abstract": "^1.24.0",
        "es-value-fixtures": "^1.7.1",
        "eslint": "=8.8.0",
        "evalmd": "^0.0.19",
        "for-each": "^0.3.5",
        "make-async-function": "^1.0.0",
        "make-async-generator-function": "^1.0.0",
        "make-generator-function": "^2.0.0",
        "mock-property": "^1.1.0",
        "npmignore": "^0.3.1",
        "nyc": "^10.3.2",
        "object-inspect": "^1.13.4",
        "safe-publish-latest": "^2.0.0",
        "tape": "^5.9.0"
      },
      "engines": {
        "node": ">= 0.4"
      },
      "funding": {
        "url": "https://github.com/sponsors/ljharb"
      }
    },
    "node_modules/get-proto": {
      "version": "1.0.1",
      "resolved": "https://registry.npmjs.org/get-proto/-/get-proto-1.0.1.tgz",
      "integrity": "sha512-sTSfBjoXBp89JvIKIefqw7U2CCebsc74kiY6awiGogKtoSGbgjYE/G/+l9sF3MWFPNc9IcoOC4ODfKHfxFmp0g==",
      "extraneous": true,
      "license": "MIT",
      "dependencies": {
        "dunder-proto": "^1.0.1",
        "es-object-atoms": "^1.0.0"
      },
      "devDependencies": {
        "@arethetypeswrong/cli": "^0.17.2",
        "@ljharb/eslint-config": "^21.1.1",
        "@ljharb/tsconfig": "^0.2.3",
        "@types/tape": "^5.8.0",
        "auto-changelog": "^2.5.0",
        "eslint": "=8.8.0",
        "evalmd": "^0.0.19",
        "in-publish": "^2.0.1",
        "npmignore": "^0.3.1",
        "nyc": "^10.3.2",
        "safe-publish-latest": "^2.0.0",
        "tape": "^5.9.0",
        "typescript": "next"
      },
      "engines": {
        "node": ">= 0.4"
      }
    },
    "node_modules/gopd": {
      "version": "1.2.0",
      "resolved": "https://registry.npmjs.org/gopd/-/gopd-1.2.0.tgz",
      "integrity": "sha512-ZUKRh6/kUFoAiTAtTYPZJ3hw9wNxx+BIBOijnlG9PnrJsCcSjs1wyyD6vJpaYtgnzDrKYRSqf3OO6Rfa93xsRg==",
      "extraneous": true,
      "license": "MIT",
      "devDependencies": {
        "@arethetypeswrong/cli": "^0.17.0",
        "@ljharb/eslint-config": "^21.1.1",
        "@ljharb/tsconfig": "^0.2.0",
        "@types/tape": "^5.6.5",
        "auto-changelog": "^2.5.0",
        "encoding": "^0.1.13",
        "eslint": "=8.8.0",
        "evalmd": "^0.0.19",
        "in-publish": "^2.0.1",
        "npmignore": "^0.3.1",
        "safe-publish-latest": "^2.0.0",
        "tape": "^5.9.0",
        "typescript": "next"
      },
      "engines": {
        "node": ">= 0.4"
      },
      "funding": {
        "url": "https://github.com/sponsors/ljharb"
      }
    },
    "node_modules/has-symbols": {
      "version": "1.1.0",
      "resolved": "https://registry.npmjs.org/has-symbols/-/has-symbols-1.1.0.tgz",
      "integrity": "sha512-1cDNdwJ2Jaohmb3sg4OmKaMBwuC48sYni5HUw2DvsC8LjGTLK9h+eb1X6RyuOHe4hT0ULCW68iomhjUoKUqlPQ==",
      "extraneous": true,
      "license": "MIT",
      "devDependencies": {
        "@arethetypeswrong/cli": "^0.17.0",
        "@ljharb/eslint-config": "^21.1.1",
        "@ljharb/tsconfig": "^0.2.0",
        "@types/core-js": "^2.5.8",
        "@types/tape": "^5.6.5",
        "auto-changelog": "^2.5.0",
        "core-js": "^2.6.12",
        "encoding": "^0.1.13",
        "eslint": "=8.8.0",
        "get-own-property-symbols": "^0.9.5",
        "in-publish": "^2.0.1",
        "npmignore": "^0.3.1",
        "nyc": "^10.3.2",
        "safe-publish-latest": "^2.0.0",
        "tape": "^5.9.0",
        "typescript": "next"
      },
      "engines": {
        "node": ">= 0.4"
      },
      "funding": {
        "url": "https://github.com/sponsors/ljharb"
      }
    },
    "node_modules/has-tostringtag": {
      "version": "1.0.2",
      "resolved": "https://registry.npmjs.org/has-tostringtag/-/has-tostringtag-1.0.2.tgz",
      "integrity": "sha512-NqADB8VjPFLM2V0VvHUewwwsw0ZWBaIdgo+ieHtK3hasLz4qeCRjYcqfB6AQrBggRKppKF8L52/VqdVsO47Dlw==",
      "extraneous": true,
      "license": "MIT",
      "dependencies": {
        "has-symbols": "^1.0.3"
      },
      "devDependencies": {
        "@ljharb/eslint-config": "^21.1.0",
        "@types/has-symbols": "^1.0.2",
        "@types/tape": "^5.6.4",
        "aud": "^2.0.4",
        "auto-changelog": "^2.4.0",
        "core-js": "^2.6.12",
        "eslint": "=8.8.0",
        "get-own-property-symbols": "^0.9.5",
        "in-publish": "^2.0.1",
        "npmignore": "^0.3.1",
        "nyc": "^10.3.2",
        "safe-publish-latest": "^2.0.0",
        "tape": "^5.7.4",
        "typescript": "next"
      },
      "engines": {
        "node": ">= 0.4"
      },
      "funding": {
        "url": "https://github.com/sponsors/ljharb"
      }
    },
    "node_modules/hasown": {
      "version": "2.0.2",
      "resolved": "https://registry.npmjs.org/hasown/-/hasown-2.0.2.tgz",
      "integrity": "sha512-0hJU9SCPvmMzIBdZFqNPXWa6dqh7WdH0cII9y+CyS8rG3nL48Bclra9HmKhVVUHyPWNH5Y7xDwAB7bfgSjkUMQ==",
      "extraneous": true,
      "license": "MIT",
      "dependencies": {
        "function-bind": "^1.1.2"
      },
      "devDependencies": {
        "@arethetypeswrong/cli": "^0.15.1",
        "@ljharb/eslint-config": "^21.1.0",
        "@ljharb/tsconfig": "^0.2.0",
        "@types/function-bind": "^1.1.10",
        "@types/mock-property": "^1.0.2",
        "@types/tape": "^5.6.4",
        "aud": "^2.0.4",
        "auto-changelog": "^2.4.0",
        "eslint": "=8.8.0",
        "evalmd": "^0.0.19",
        "in-publish": "^2.0.1",
        "mock-property": "^1.0.3",
        "npmignore": "^0.3.1",
        "nyc": "^10.3.2",
        "safe-publish-latest": "^2.0.0",
        "tape": "^5.7.5",
        "typescript": "next"
      },
      "engines": {
        "node": ">= 0.4"
      }
    },
    "node_modules/js-tokens": {
      "version": "4.0.0",
      "resolved": "https://registry.npmjs.org/js-tokens/-/js-tokens-4.0.0.tgz",
      "integrity": "sha512-RdJUflcE3cUzKiMqQgsCu06FPu9UdIJO0beYbPhHN4k6apgJtifcoCtT9bcxOpYBtpD2kCM6Sbzg4CausW/PKQ==",
      "extraneous": true,
      "license": "MIT",
      "devDependencies": {
        "coffeescript": "2.1.1",
        "esprima": "4.0.0",
        "everything.js": "1.0.3",
        "mocha": "5.0.0"
      }
    },
    "node_modules/loose-envify": {
      "version": "1.4.0",
      "resolved": "https://registry.npmjs.org/loose-envify/-/loose-envify-1.4.0.tgz",
      "integrity": "sha512-lyuxPGr/Wfhrlem2CL/UcnUc1zcqKAImBDzukY7Y5F/yQiNdko6+fRLevlw1HgMySw7f611UIY408EtxRSoK3Q==",
      "extraneous": true,
      "license": "MIT",
      "dependencies": {
        "js-tokens": "^3.0.0 || ^4.0.0"
      },
      "bin": {
        "loose-envify": "cli.js"
      },
      "devDependencies": {
        "browserify": "^13.1.1",
        "envify": "^3.4.0",
        "tap": "^8.0.0"
      }
    },
    "node_modules/math-intrinsics": {
      "version": "1.1.0",
      "resolved": "https://registry.npmjs.org/math-intrinsics/-/math-intrinsics-1.1.0.tgz",
      "integrity": "sha512-/IXtbwEk5HTPyEwyKX6hGkYXxM9nbj64B+ilVJnC/R6B0pH5G4V3b0pVbL7DBj4tkhBAppbQUlf6F6Xl9LHu1g==",
      "extraneous": true,
      "license": "MIT",
      "devDependencies": {
        "@arethetypeswrong/cli": "^0.17.1",
        "@ljharb/eslint-config": "^21.1.1",
        "@ljharb/tsconfig": "^0.2.2",
        "@types/for-each": "^0.3.3",
        "@types/object-inspect": "^1.13.0",
        "@types/tape": "^5.8.0",
        "auto-changelog": "^2.5.0",
        "eclint": "^2.8.1",
        "es-value-fixtures": "^1.5.0",
        "eslint": "^8.8.0",
        "evalmd": "^0.0.19",
        "for-each": "^0.3.3",
        "in-publish": "^2.0.1",
        "npmignore": "^0.3.1",
        "nyc": "^10.3.2",
        "object-inspect": "^1.13.3",
        "safe-publish-latest": "^2.0.0",
        "tape": "^5.9.0",
        "typescript": "next"
      },
      "engines": {
        "node": ">= 0.4"
      }
    },
    "node_modules/mime-db": {
      "version": "1.52.0",
      "resolved": "https://registry.npmjs.org/mime-db/-/mime-db-1.52.0.tgz",
      "integrity": "sha512-sPU4uV7dYlvtWJxwwxHD0PuihVNiE7TyAbQ5SWxDCB9mUYvOgroQOwYQQOKPJ8CIbE+1ETVlOoK1UC2nU3gYvg==",
      "extraneous": true,
      "license": "MIT",
      "devDependencies": {
        "bluebird": "3.7.2",
        "co": "4.6.0",
        "cogent": "1.0.1",
        "csv-parse": "4.16.3",
        "eslint": "7.32.0",
        "eslint-config-standard": "15.0.1",
        "eslint-plugin-import": "2.25.4",
        "eslint-plugin-markdown": "2.2.1",
        "eslint-plugin-node": "11.1.0",
        "eslint-plugin-promise": "5.1.1",
        "eslint-plugin-standard": "4.1.0",
        "gnode": "0.1.2",
        "media-typer": "1.1.0",
        "mocha": "9.2.1",
        "nyc": "15.1.0",
        "raw-body": "2.5.0",
        "stream-to-array": "2.3.0"
      },
      "engines": {
        "node": ">= 0.6"
      }
    },
    "node_modules/mime-types": {
      "version": "2.1.35",
      "resolved": "https://registry.npmjs.org/mime-types/-/mime-types-2.1.35.tgz",
      "integrity": "sha512-ZDY+bPm5zTTF+YpCrAU9nK0UgICYPT0QtT1NZWFv4s++TNkcgVaT0g6+4R2uI4MjQjzysHB1zxuWL50hzaeXiw==",
      "extraneous": true,
      "license": "MIT",
      "dependencies": {
        "mime-db": "1.52.0"
      },
      "devDependencies": {
        "eslint": "7.32.0",
        "eslint-config-standard": "14.1.1",
        "eslint-plugin-import": "2.25.4",
        "eslint-plugin-markdown": "2.2.1",
        "eslint-plugin-node": "11.1.0",
        "eslint-plugin-promise": "5.2.0",
        "eslint-plugin-standard": "4.1.0",
        "mocha": "9.2.2",
        "nyc": "15.1.0"
      },
      "engines": {
        "node": ">= 0.6"
      }
    },
    "node_modules/node_module": {
      "version": "0.0.0",
      "resolved": "https://registry.npmjs.org/node_module/-/node_module-0.0.0.tgz",
      "integrity": "sha512-N7TDRKudPzT9vQm3Y0lGAkt1BsWF6i/AFSi/imzD19HKuAOed0GDipTovAf7PBmHXDF7ULS46M/6Sru/htfLWQ==",
      "extraneous": true,
      "license": "MIT"
    },
    "node_modules/proxy-from-env": {
      "version": "1.1.0",
      "resolved": "https://registry.npmjs.org/proxy-from-env/-/proxy-from-env-1.1.0.tgz",
      "integrity": "sha512-D+zkORCbA9f1tdWRK0RaCR3GPv50cMxcrz4X8k5LTSUD1Dkw47mKJEZQNunItRTkWwgtaUSo1RVFRIG9ZXiFYg==",
      "extraneous": true,
      "license": "MIT",
      "devDependencies": {
        "coveralls": "^3.0.9",
        "eslint": "^6.8.0",
        "istanbul": "^0.4.5",
        "mocha": "^7.1.0"
      }
    },
    "node_modules/react": {
      "version": "18.3.1",
      "resolved": "https://registry.npmjs.org/react/-/react-18.3.1.tgz",
      "integrity": "sha512-wS+hAgJShR0KhEvPJArfuPVN1+Hz1t0Y6n5jLrGQbkb4urgPE/0Rve+1kMB1v/oWgHgm4WIcV+i7F2pTVj+2iQ==",
      "extraneous": true,
      "license": "MIT",
      "dependencies": {
        "loose-envify": "^1.1.0"
      },
      "engines": {
        "node": ">=0.10.0"
      }
    },
    "node_modules/react-dom": {
      "version": "18.3.1",
      "resolved": "https://registry.npmjs.org/react-dom/-/react-dom-18.3.1.tgz",
      "integrity": "sha512-5m4nQKp+rZRb09LNH59GM4BxTh9251/ylbKIbpe7TpGxfJ+9kv6BLkLBXIjjspbgbnIBNqlI23tRnTWT0snUIw==",
      "extraneous": true,
      "license": "MIT",
      "dependencies": {
        "loose-envify": "^1.1.0",
        "scheduler": "^0.23.2"
      },
      "peerDependencies": {
        "react": "^18.3.1"
      }
    },
    "node_modules/scheduler": {
      "version": "0.23.2",
      "resolved": "https://registry.npmjs.org/scheduler/-/scheduler-0.23.2.tgz",
      "integrity": "sha512-UOShsPwz7NrMUqhR6t0hWjFduvOzbtv7toDH1/hIrfRNIDBnnBWd0CwJTGvTpngVlmwGCdP9/Zl/tVrDqcuYzQ==",
      "extraneous": true,
      "license": "MIT",
      "dependencies": {
        "loose-envify": "^1.1.0"
      }
    }
  }
}
